
Microsoft Visual Studio Solution File, Format Version 12.00
# Visual Studio 15
Project("{FAE04EC0-301F-11D3-BF4B-00C04F79EFBC}") = "Todo.Android", "Todo.Android\Todo.Android.csproj", "{2A2DB36F-D9CE-46C2-A1E2-CB775231DF1A}"
EndProject
Project("{FAE04EC0-301F-11D3-BF4B-00C04F79EFBC}") = "Todo.iOS", "Todo.iOS\Todo.iOS.csproj", "{9D371724-26FE-4084-8EDC-E657A6202744}"
EndProject
Project("{FAE04EC0-301F-11D3-BF4B-00C04F79EFBC}") = "Todo", "Todo\Todo.csproj", "{A344E939-87E3-47A5-9BEA-0F322991870B}"
EndProject
Global
	GlobalSection(SolutionConfigurationPlatforms) = preSolution
		Debug|Any CPU = Debug|Any CPU
		Release|Any CPU = Release|Any CPU
		Debug|iPhoneSimulator = Debug|iPhoneSimulator
		Release|iPhoneSimulator = Release|iPhoneSimulator
		Debug|iPhone = Debug|iPhone
		Release|iPhone = Release|iPhone
	EndGlobalSection
	GlobalSection(ProjectConfigurationPlatforms) = postSolution
		{2A2DB36F-D9CE-46C2-A1E2-CB775231DF1A}.Debug|Any CPU.ActiveCfg = Debug|Any CPU
		{2A2DB36F-D9CE-46C2-A1E2-CB775231DF1A}.Debug|Any CPU.Build.0 = Debug|Any CPU
		{2A2DB36F-D9CE-46C2-A1E2-CB775231DF1A}.Release|Any CPU.ActiveCfg = Release|Any CPU
		{2A2DB36F-D9CE-46C2-A1E2-CB775231DF1A}.Release|Any CPU.Build.0 = Release|Any CPU
		{2A2DB36F-D9CE-46C2-A1E2-CB775231DF1A}.Debug|iPhoneSimulator.ActiveCfg = Debug|Any CPU
		{2A2DB36F-D9CE-46C2-A1E2-CB775231DF1A}.Debug|iPhoneSimulator.Build.0 = Debug|Any CPU
		{2A2DB36F-D9CE-46C2-A1E2-CB775231DF1A}.Release|iPhoneSimulator.ActiveCfg = Release|Any CPU
		{2A2DB36F-D9CE-46C2-A1E2-CB775231DF1A}.Release|iPhoneSimulator.Build.0 = Release|Any CPU
		{2A2DB36F-D9CE-46C2-A1E2-CB775231DF1A}.Debug|iPhone.ActiveCfg = Debug|Any CPU
		{2A2DB36F-D9CE-46C2-A1E2-CB775231DF1A}.Debug|iPhone.Build.0 = Debug|Any CPU
		{2A2DB36F-D9CE-46C2-A1E2-CB775231DF1A}.Release|iPhone.ActiveCfg = Release|Any CPU
		{2A2DB36F-D9CE-46C2-A1E2-CB775231DF1A}.Release|iPhone.Build.0 = Release|Any CPU
		{9D371724-26FE-4084-8EDC-E657A6202744}.Debug|Any CPU.ActiveCfg = Debug|iPhoneSimulator
		{9D371724-26FE-4084-8EDC-E657A6202744}.Debug|Any CPU.Build.0 = Debug|iPhoneSimulator
		{9D371724-26FE-4084-8EDC-E657A6202744}.Release|Any CPU.ActiveCfg = Release|iPhoneSimulator
		{9D371724-26FE-4084-8EDC-E657A6202744}.Release|Any CPU.Build.0 = Release|iPhoneSimulator
		{9D371724-26FE-4084-8EDC-E657A6202744}.Debug|iPhoneSimulator.ActiveCfg = Debug|iPhoneSimulator
		{9D371724-26FE-4084-8EDC-E657A6202744}.Debug|iPhoneSimulator.Build.0 = Debug|iPhoneSimulator
		{9D371724-26FE-4084-8EDC-E657A6202744}.Release|iPhoneSimulator.ActiveCfg = Release|iPhoneSimulator
		{9D371724-26FE-4084-8EDC-E657A6202744}.Release|iPhoneSimulator.Build.0 = Release|iPhoneSimulator
		{9D371724-26FE-4084-8EDC-E657A6202744}.Debug|iPhone.ActiveCfg = Debug|iPhone
		{9D371724-26FE-4084-8EDC-E657A6202744}.Debug|iPhone.Build.0 = Debug|iPhone
		{9D371724-26FE-4084-8EDC-E657A6202744}.Release|iPhone.ActiveCfg = Release|iPhone
		{9D371724-26FE-4084-8EDC-E657A6202744}.Release|iPhone.Build.0 = Release|iPhone
		{A344E939-87E3-47A5-9BEA-0F322991870B}.Debug|Any CPU.ActiveCfg = Debug|Any CPU
		{A344E939-87E3-47A5-9BEA-0F322991870B}.Debug|Any CPU.Build.0 = Debug|Any CPU
		{A344E939-87E3-47A5-9BEA-0F322991870B}.Release|Any CPU.ActiveCfg = Release|Any CPU
		{A344E939-87E3-47A5-9BEA-0F322991870B}.Release|Any CPU.Build.0 = Release|Any CPU
		{A344E939-87E3-47A5-9BEA-0F322991870B}.Debug|iPhoneSimulator.ActiveCfg = Debug|Any CPU
		{A344E939-87E3-47A5-9BEA-0F322991870B}.Debug|iPhoneSimulator.Build.0 = Debug|Any CPU
		{A344E939-87E3-47A5-9BEA-0F322991870B}.Release|iPhoneSimulator.ActiveCfg = Release|Any CPU
		{A344E939-87E3-47A5-9BEA-0F322991870B}.Release|iPhoneSimulator.Build.0 = Release|Any CPU
		{A344E939-87E3-47A5-9BEA-0F322991870B}.Debug|iPhone.ActiveCfg = Debug|Any CPU
		{A344E939-87E3-47A5-9BEA-0F322991870B}.Debug|iPhone.Build.0 = Debug|Any CPU
		{A344E939-87E3-47A5-9BEA-0F322991870B}.Release|iPhone.ActiveCfg = Release|Any CPU
		{A344E939-87E3-47A5-9BEA-0F322991870B}.Release|iPhone.Build.0 = Release|Any CPU
	EndGlobalSection
EndGlobal
